
Microsoft Visual Studio Solution File, Format Version 12.00
# Visual Studio 15
VisualStudioVersion = 15.0.26124.0
MinimumVisualStudioVersion = 15.0.26124.0
Project("{FAE04EC0-301F-11D3-BF4B-00C04F79EFBC}") = "Application", "Application\Application.csproj", "{786862AC-0F2C-4F64-B012-4598AB738C31}"
EndProject
Project("{FAE04EC0-301F-11D3-BF4B-00C04F79EFBC}") = "Domain", "Domain\Domain.csproj", "{716FAC83-3C93-43F4-99CF-F39B3DC88D91}"
EndProject
Project("{FAE04EC0-301F-11D3-BF4B-00C04F79EFBC}") = "Persistence", "Persistence\Persistence.csproj", "{C12F7444-E97C-4DAF-B3AF-FC3388618286}"
EndProject
Project("{FAE04EC0-301F-11D3-BF4B-00C04F79EFBC}") = "API", "API\API.csproj", "{22E7A4D0-F3C6-4387-9D5B-BCC8CD4555A6}"
EndProject
Project("{FAE04EC0-301F-11D3-BF4B-00C04F79EFBC}") = "Infrastructure", "Infrastructure\Infrastructure.csproj", "{22FBEBBE-EF59-4DCB-A1CF-8C85A7DDC539}"
EndProject
Global
	GlobalSection(SolutionConfigurationPlatforms) = preSolution
		Debug|Any CPU = Debug|Any CPU
		Debug|x64 = Debug|x64
		Debug|x86 = Debug|x86
		Release|Any CPU = Release|Any CPU
		Release|x64 = Release|x64
		Release|x86 = Release|x86
	EndGlobalSection
	GlobalSection(SolutionProperties) = preSolution
		HideSolutionNode = FALSE
	EndGlobalSection
	GlobalSection(ProjectConfigurationPlatforms) = postSolution
		{786862AC-0F2C-4F64-B012-4598AB738C31}.Debug|Any CPU.ActiveCfg = Debug|Any CPU
		{786862AC-0F2C-4F64-B012-4598AB738C31}.Debug|Any CPU.Build.0 = Debug|Any CPU
		{786862AC-0F2C-4F64-B012-4598AB738C31}.Debug|x64.ActiveCfg = Debug|Any CPU
		{786862AC-0F2C-4F64-B012-4598AB738C31}.Debug|x64.Build.0 = Debug|Any CPU
		{786862AC-0F2C-4F64-B012-4598AB738C31}.Debug|x86.ActiveCfg = Debug|Any CPU
		{786862AC-0F2C-4F64-B012-4598AB738C31}.Debug|x86.Build.0 = Debug|Any CPU
		{786862AC-0F2C-4F64-B012-4598AB738C31}.Release|Any CPU.ActiveCfg = Release|Any CPU
		{786862AC-0F2C-4F64-B012-4598AB738C31}.Release|Any CPU.Build.0 = Release|Any CPU
		{786862AC-0F2C-4F64-B012-4598AB738C31}.Release|x64.ActiveCfg = Release|Any CPU
		{786862AC-0F2C-4F64-B012-4598AB738C31}.Release|x64.Build.0 = Release|Any CPU
		{786862AC-0F2C-4F64-B012-4598AB738C31}.Release|x86.ActiveCfg = Release|Any CPU
		{786862AC-0F2C-4F64-B012-4598AB738C31}.Release|x86.Build.0 = Release|Any CPU
		{716FAC83-3C93-43F4-99CF-F39B3DC88D91}.Debug|Any CPU.ActiveCfg = Debug|Any CPU
		{716FAC83-3C93-43F4-99CF-F39B3DC88D91}.Debug|Any CPU.Build.0 = Debug|Any CPU
		{716FAC83-3C93-43F4-99CF-F39B3DC88D91}.Debug|x64.ActiveCfg = Debug|Any CPU
		{716FAC83-3C93-43F4-99CF-F39B3DC88D91}.Debug|x64.Build.0 = Debug|Any CPU
		{716FAC83-3C93-43F4-99CF-F39B3DC88D91}.Debug|x86.ActiveCfg = Debug|Any CPU
		{716FAC83-3C93-43F4-99CF-F39B3DC88D91}.Debug|x86.Build.0 = Debug|Any CPU
		{716FAC83-3C93-43F4-99CF-F39B3DC88D91}.Release|Any CPU.ActiveCfg = Release|Any CPU
		{716FAC83-3C93-43F4-99CF-F39B3DC88D91}.Release|Any CPU.Build.0 = Release|Any CPU
		{716FAC83-3C93-43F4-99CF-F39B3DC88D91}.Release|x64.ActiveCfg = Release|Any CPU
		{716FAC83-3C93-43F4-99CF-F39B3DC88D91}.Release|x64.Build.0 = Release|Any CPU
		{716FAC83-3C93-43F4-99CF-F39B3DC88D91}.Release|x86.ActiveCfg = Release|Any CPU
		{716FAC83-3C93-43F4-99CF-F39B3DC88D91}.Release|x86.Build.0 = Release|Any CPU
		{C12F7444-E97C-4DAF-B3AF-FC3388618286}.Debug|Any CPU.ActiveCfg = Debug|Any CPU
		{C12F7444-E97C-4DAF-B3AF-FC3388618286}.Debug|Any CPU.Build.0 = Debug|Any CPU
		{C12F7444-E97C-4DAF-B3AF-FC3388618286}.Debug|x64.ActiveCfg = Debug|Any CPU
		{C12F7444-E97C-4DAF-B3AF-FC3388618286}.Debug|x64.Build.0 = Debug|Any CPU
		{C12F7444-E97C-4DAF-B3AF-FC3388618286}.Debug|x86.ActiveCfg = Debug|Any CPU
		{C12F7444-E97C-4DAF-B3AF-FC3388618286}.Debug|x86.Build.0 = Debug|Any CPU
		{C12F7444-E97C-4DAF-B3AF-FC3388618286}.Release|Any CPU.ActiveCfg = Release|Any CPU
		{C12F7444-E97C-4DAF-B3AF-FC3388618286}.Release|Any CPU.Build.0 = Release|Any CPU
		{C12F7444-E97C-4DAF-B3AF-FC3388618286}.Release|x64.ActiveCfg = Release|Any CPU
		{C12F7444-E97C-4DAF-B3AF-FC3388618286}.Release|x64.Build.0 = Release|Any CPU
		{C12F7444-E97C-4DAF-B3AF-FC3388618286}.Release|x86.ActiveCfg = Release|Any CPU
		{C12F7444-E97C-4DAF-B3AF-FC3388618286}.Release|x86.Build.0 = Release|Any CPU
		{22E7A4D0-F3C6-4387-9D5B-BCC8CD4555A6}.Debug|Any CPU.ActiveCfg = Debug|Any CPU
		{22E7A4D0-F3C6-4387-9D5B-BCC8CD4555A6}.Debug|Any CPU.Build.0 = Debug|Any CPU
		{22E7A4D0-F3C6-4387-9D5B-BCC8CD4555A6}.Debug|x64.ActiveCfg = Debug|Any CPU
		{22E7A4D0-F3C6-4387-9D5B-BCC8CD4555A6}.Debug|x64.Build.0 = Debug|Any CPU
		{22E7A4D0-F3C6-4387-9D5B-BCC8CD4555A6}.Debug|x86.ActiveCfg = Debug|Any CPU
		{22E7A4D0-F3C6-4387-9D5B-BCC8CD4555A6}.Debug|x86.Build.0 = Debug|Any CPU
		{22E7A4D0-F3C6-4387-9D5B-BCC8CD4555A6}.Release|Any CPU.ActiveCfg = Release|Any CPU
		{22E7A4D0-F3C6-4387-9D5B-BCC8CD4555A6}.Release|Any CPU.Build.0 = Release|Any CPU
		{22E7A4D0-F3C6-4387-9D5B-BCC8CD4555A6}.Release|x64.ActiveCfg = Release|Any CPU
		{22E7A4D0-F3C6-4387-9D5B-BCC8CD4555A6}.Release|x64.Build.0 = Release|Any CPU
		{22E7A4D0-F3C6-4387-9D5B-BCC8CD4555A6}.Release|x86.ActiveCfg = Release|Any CPU
		{22E7A4D0-F3C6-4387-9D5B-BCC8CD4555A6}.Release|x86.Build.0 = Release|Any CPU
		{22FBEBBE-EF59-4DCB-A1CF-8C85A7DDC539}.Debug|Any CPU.ActiveCfg = Debug|Any CPU
		{22FBEBBE-EF59-4DCB-A1CF-8C85A7DDC539}.Debug|Any CPU.Build.0 = Debug|Any CPU
		{22FBEBBE-EF59-4DCB-A1CF-8C85A7DDC539}.Debug|x64.ActiveCfg = Debug|Any CPU
		{22FBEBBE-EF59-4DCB-A1CF-8C85A7DDC539}.Debug|x64.Build.0 = Debug|Any CPU
		{22FBEBBE-EF59-4DCB-A1CF-8C85A7DDC539}.Debug|x86.ActiveCfg = Debug|Any CPU
		{22FBEBBE-EF59-4DCB-A1CF-8C85A7DDC539}.Debug|x86.Build.0 = Debug|Any CPU
		{22FBEBBE-EF59-4DCB-A1CF-8C85A7DDC539}.Release|Any CPU.ActiveCfg = Release|Any CPU
		{22FBEBBE-EF59-4DCB-A1CF-8C85A7DDC539}.Release|Any CPU.Build.0 = Release|Any CPU
		{22FBEBBE-EF59-4DCB-A1CF-8C85A7DDC539}.Release|x64.ActiveCfg = Release|Any CPU
		{22FBEBBE-EF59-4DCB-A1CF-8C85A7DDC539}.Release|x64.Build.0 = Release|Any CPU
		{22FBEBBE-EF59-4DCB-A1CF-8C85A7DDC539}.Release|x86.ActiveCfg = Release|Any CPU
		{22FBEBBE-EF59-4DCB-A1CF-8C85A7DDC539}.Release|x86.Build.0 = Release|Any CPU
	EndGlobalSection
EndGlobal
